Microsoft Visual Studio Solution File, Format Version 12.00
# Visual Studio 2012
Project("{FAE04EC0-301F-11D3-BF4B-00C04F79EFBC}") = "DungeonCrawler", "DungeonCrawler.csproj", "{BDFC4D02-5EE4-4F69-8B0A-A86AA2BE511C}"
EndProject
Global
	GlobalSection(SolutionConfigurationPlatforms) = preSolution
	Debug|Any CPU = Debug|Any CPU
	ExportDebug|Any CPU = ExportDebug|Any CPU
	ExportRelease|Any CPU = ExportRelease|Any CPU
	EndGlobalSection
	GlobalSection(ProjectConfigurationPlatforms) = postSolution
		{BDFC4D02-5EE4-4F69-8B0A-A86AA2BE511C}.Debug|Any CPU.ActiveCfg = Debug|Any CPU
		{BDFC4D02-5EE4-4F69-8B0A-A86AA2BE511C}.Debug|Any CPU.Build.0 = Debug|Any CPU
		{BDFC4D02-5EE4-4F69-8B0A-A86AA2BE511C}.ExportDebug|Any CPU.ActiveCfg = ExportDebug|Any CPU
		{BDFC4D02-5EE4-4F69-8B0A-A86AA2BE511C}.ExportDebug|Any CPU.Build.0 = ExportDebug|Any CPU
		{BDFC4D02-5EE4-4F69-8B0A-A86AA2BE511C}.ExportRelease|Any CPU.ActiveCfg = ExportRelease|Any CPU
		{BDFC4D02-5EE4-4F69-8B0A-A86AA2BE511C}.ExportRelease|Any CPU.Build.0 = ExportRelease|Any CPU
	EndGlobalSection
EndGlobal
